
Microsoft Visual Studio Solution File, Format Version 12.00
# Visual Studio Version 17
VisualStudioVersion = 17.0.31903.59
MinimumVisualStudioVersion = 10.0.40219.1
Project("{FAE04EC0-301F-11D3-BF4B-00C04F79EFBC}") = "ProjectName", "ProjectName\ProjectName.csproj", "{DCC161A0-CD17-4EFE-900E-C906546082FF}"
EndProject
Project("{2150E333-8FDC-42A3-9474-1A3956D46DE8}") = "ProjectName.Tests", "ProjectName.Tests", "{D8A0C13E-FA81-EE1C-9D63-A8317F9388E1}"
EndProject
Project("{2150E333-8FDC-42A3-9474-1A3956D46DE8}") = "FrontEnd", "FrontEnd", "{852E1424-6038-C356-4643-17FC44C23146}"
EndProject
Project("{FAE04EC0-301F-11D3-BF4B-00C04F79EFBC}") = "ProjectName.Tests.FrontEnd", "ProjectName.Tests\FrontEnd\ProjectName.Tests.FrontEnd.csproj", "{BC5F3F0C-8711-4325-A337-DC843BC43669}"
EndProject
Project("{2150E333-8FDC-42A3-9474-1A3956D46DE8}") = "BackEnd", "BackEnd", "{FA3F8C52-4F48-0209-D473-8A1CA37C1153}"
EndProject
Project("{FAE04EC0-301F-11D3-BF4B-00C04F79EFBC}") = "ProjectName.Tests.BackEnd", "ProjectName.Tests\BackEnd\ProjectName.Tests.BackEnd.csproj", "{90F9A032-22B2-4E34-B2DE-9C0FFD6ACB1B}"
EndProject
Global
	GlobalSection(SolutionConfigurationPlatforms) = preSolution
		Debug|Any CPU = Debug|Any CPU
		Debug|x64 = Debug|x64
		Debug|x86 = Debug|x86
		Release|Any CPU = Release|Any CPU
		Release|x64 = Release|x64
		Release|x86 = Release|x86
	EndGlobalSection
	GlobalSection(ProjectConfigurationPlatforms) = postSolution
		{DCC161A0-CD17-4EFE-900E-C906546082FF}.Debug|Any CPU.ActiveCfg = Debug|Any CPU
		{DCC161A0-CD17-4EFE-900E-C906546082FF}.Debug|Any CPU.Build.0 = Debug|Any CPU
		{DCC161A0-CD17-4EFE-900E-C906546082FF}.Debug|x64.ActiveCfg = Debug|Any CPU
		{DCC161A0-CD17-4EFE-900E-C906546082FF}.Debug|x64.Build.0 = Debug|Any CPU
		{DCC161A0-CD17-4EFE-900E-C906546082FF}.Debug|x86.ActiveCfg = Debug|Any CPU
		{DCC161A0-CD17-4EFE-900E-C906546082FF}.Debug|x86.Build.0 = Debug|Any CPU
		{DCC161A0-CD17-4EFE-900E-C906546082FF}.Release|Any CPU.ActiveCfg = Release|Any CPU
		{DCC161A0-CD17-4EFE-900E-C906546082FF}.Release|Any CPU.Build.0 = Release|Any CPU
		{DCC161A0-CD17-4EFE-900E-C906546082FF}.Release|x64.ActiveCfg = Release|Any CPU
		{DCC161A0-CD17-4EFE-900E-C906546082FF}.Release|x64.Build.0 = Release|Any CPU
		{DCC161A0-CD17-4EFE-900E-C906546082FF}.Release|x86.ActiveCfg = Release|Any CPU
		{DCC161A0-CD17-4EFE-900E-C906546082FF}.Release|x86.Build.0 = Release|Any CPU
		{BC5F3F0C-8711-4325-A337-DC843BC43669}.Debug|Any CPU.ActiveCfg = Debug|Any CPU
		{BC5F3F0C-8711-4325-A337-DC843BC43669}.Debug|Any CPU.Build.0 = Debug|Any CPU
		{BC5F3F0C-8711-4325-A337-DC843BC43669}.Debug|x64.ActiveCfg = Debug|Any CPU
		{BC5F3F0C-8711-4325-A337-DC843BC43669}.Debug|x64.Build.0 = Debug|Any CPU
		{BC5F3F0C-8711-4325-A337-DC843BC43669}.Debug|x86.ActiveCfg = Debug|Any CPU
		{BC5F3F0C-8711-4325-A337-DC843BC43669}.Debug|x86.Build.0 = Debug|Any CPU
		{BC5F3F0C-8711-4325-A337-DC843BC43669}.Release|Any CPU.ActiveCfg = Release|Any CPU
		{BC5F3F0C-8711-4325-A337-DC843BC43669}.Release|Any CPU.Build.0 = Release|Any CPU
		{BC5F3F0C-8711-4325-A337-DC843BC43669}.Release|x64.ActiveCfg = Release|Any CPU
		{BC5F3F0C-8711-4325-A337-DC843BC43669}.Release|x64.Build.0 = Release|Any CPU
		{BC5F3F0C-8711-4325-A337-DC843BC43669}.Release|x86.ActiveCfg = Release|Any CPU
		{BC5F3F0C-8711-4325-A337-DC843BC43669}.Release|x86.Build.0 = Release|Any CPU
		{90F9A032-22B2-4E34-B2DE-9C0FFD6ACB1B}.Debug|Any CPU.ActiveCfg = Debug|Any CPU
		{90F9A032-22B2-4E34-B2DE-9C0FFD6ACB1B}.Debug|Any CPU.Build.0 = Debug|Any CPU
		{90F9A032-22B2-4E34-B2DE-9C0FFD6ACB1B}.Debug|x64.ActiveCfg = Debug|Any CPU
		{90F9A032-22B2-4E34-B2DE-9C0FFD6ACB1B}.Debug|x64.Build.0 = Debug|Any CPU
		{90F9A032-22B2-4E34-B2DE-9C0FFD6ACB1B}.Debug|x86.ActiveCfg = Debug|Any CPU
		{90F9A032-22B2-4E34-B2DE-9C0FFD6ACB1B}.Debug|x86.Build.0 = Debug|Any CPU
		{90F9A032-22B2-4E34-B2DE-9C0FFD6ACB1B}.Release|Any CPU.ActiveCfg = Release|Any CPU
		{90F9A032-22B2-4E34-B2DE-9C0FFD6ACB1B}.Release|Any CPU.Build.0 = Release|Any CPU
		{90F9A032-22B2-4E34-B2DE-9C0FFD6ACB1B}.Release|x64.ActiveCfg = Release|Any CPU
		{90F9A032-22B2-4E34-B2DE-9C0FFD6ACB1B}.Release|x64.Build.0 = Release|Any CPU
		{90F9A032-22B2-4E34-B2DE-9C0FFD6ACB1B}.Release|x86.ActiveCfg = Release|Any CPU
		{90F9A032-22B2-4E34-B2DE-9C0FFD6ACB1B}.Release|x86.Build.0 = Release|Any CPU
	EndGlobalSection
	GlobalSection(SolutionProperties) = preSolution
		HideSolutionNode = FALSE
	EndGlobalSection
	GlobalSection(NestedProjects) = preSolution
		{852E1424-6038-C356-4643-17FC44C23146} = {D8A0C13E-FA81-EE1C-9D63-A8317F9388E1}
		{BC5F3F0C-8711-4325-A337-DC843BC43669} = {852E1424-6038-C356-4643-17FC44C23146}
		{FA3F8C52-4F48-0209-D473-8A1CA37C1153} = {D8A0C13E-FA81-EE1C-9D63-A8317F9388E1}
		{90F9A032-22B2-4E34-B2DE-9C0FFD6ACB1B} = {FA3F8C52-4F48-0209-D473-8A1CA37C1153}
	EndGlobalSection
EndGlobal
